
Microsoft Visual Studio Solution File, Format Version 12.00
# Visual Studio 14
VisualStudioVersion = 14.0.25420.1
MinimumVisualStudioVersion = 10.0.40219.1
Project("{8BC9CEB8-8B4A-11D0-8D11-00A0C91BC942}") = "thread_1", "thread_1\thread_1.vcxproj", "{75ABEA2E-E816-4870-818D-A8641C7F195E}"
EndProject
Project("{8BC9CEB8-8B4A-11D0-8D11-00A0C91BC942}") = "vecThread", "vecThread\vecThread.vcxproj", "{DE83420F-D312-4822-BF99-42D9207AEE5C}"
EndProject
Project("{8BC9CEB8-8B4A-11D0-8D11-00A0C91BC942}") = "thread_sleep", "thread_sleep\thread_sleep.vcxproj", "{42274F98-21E9-40EA-8CEA-D85F9C9F1214}"
EndProject
Project("{8BC9CEB8-8B4A-11D0-8D11-00A0C91BC942}") = "count_threads", "count_threads\count_threads.vcxproj", "{E8223FA1-1D78-48F2-A5C1-F303E4697961}"
EndProject
Project("{8BC9CEB8-8B4A-11D0-8D11-00A0C91BC942}") = "atomic_operation", "atomic_operation\atomic_operation.vcxproj", "{1A616047-5C41-4DC0-8390-A94E0FA35B66}"
EndProject
Project("{8BC9CEB8-8B4A-11D0-8D11-00A0C91BC942}") = "const_this", "const_this\const_this.vcxproj", "{80E772CA-ED33-4FB8-BF99-E0CAEDD40B13}"
EndProject
Project("{8BC9CEB8-8B4A-11D0-8D11-00A0C91BC942}") = "openmp_1", "openmp_1\openmp_1.vcxproj", "{37F4D2CB-E7B3-429D-BE98-BF1EFA3F0BF4}"
EndProject
Project("{8BC9CEB8-8B4A-11D0-8D11-00A0C91BC942}") = "condition_variable_", "condition_variable_\condition_variable_.vcxproj", "{45426F70-70D9-4F3D-A581-3F11C1EAB4EF}"
EndProject
Project("{8BC9CEB8-8B4A-11D0-8D11-00A0C91BC942}") = "multiThreading", "multiThreading\multiThreading.vcxproj", "{692BE366-A345-4EAA-9CBE-3EB492F69547}"
EndProject
Project("{8BC9CEB8-8B4A-11D0-8D11-00A0C91BC942}") = "right_value_refer", "right_value_refer\right_value_refer.vcxproj", "{DD6634F3-7D62-495F-A712-6E93F23E5F85}"
EndProject
Project("{8BC9CEB8-8B4A-11D0-8D11-00A0C91BC942}") = "namespace_test", "namespace_test\namespace_test.vcxproj", "{E8C60C40-22E7-4547-8F98-F38D6E64EC54}"
EndProject
Project("{8BC9CEB8-8B4A-11D0-8D11-00A0C91BC942}") = "enum_test", "enum_test\enum_test.vcxproj", "{116CCD2A-8DA8-40AB-BBA8-A7CD89FD0600}"
EndProject
Project("{8BC9CEB8-8B4A-11D0-8D11-00A0C91BC942}") = "operator_new_handler", "operator_new_handler\operator_new_handler.vcxproj", "{234444A4-8942-4658-97E3-C475032E2CDC}"
EndProject
Project("{8BC9CEB8-8B4A-11D0-8D11-00A0C91BC942}") = "test_dll", "test_dll\test_dll.vcxproj", "{86F8415A-4E35-417F-8A5E-C937E9E253D0}"
EndProject
Project("{8BC9CEB8-8B4A-11D0-8D11-00A0C91BC942}") = "loadLibrary_inHand", "loadLibrary_inHand\loadLibrary_inHand.vcxproj", "{F81BB9EA-5385-4B4A-94E2-7F5D1B056270}"
EndProject
Project("{8BC9CEB8-8B4A-11D0-8D11-00A0C91BC942}") = "reflection_cpp_test_static", "reflection_cpp_test_static\reflection_cpp_test_static.vcxproj", "{C61FB28B-A596-4604-92C8-58C145D4ED60}"
EndProject
Project("{8BC9CEB8-8B4A-11D0-8D11-00A0C91BC942}") = "dllexport_test", "dllexport_test\dllexport_test.vcxproj", "{592A3619-3F18-4546-916F-8DBEECCAD2D9}"
	ProjectSection(ProjectDependencies) = postProject
		{86F8415A-4E35-417F-8A5E-C937E9E253D0} = {86F8415A-4E35-417F-8A5E-C937E9E253D0}
	EndProjectSection
EndProject
Project("{8BC9CEB8-8B4A-11D0-8D11-00A0C91BC942}") = "smart_ptr_test", "smart_ptr_test\smart_ptr_test.vcxproj", "{5A027351-481C-4EBB-AA4C-371EF28D9C7E}"
EndProject
Project("{8BC9CEB8-8B4A-11D0-8D11-00A0C91BC942}") = "dos_batch", "dos_batch\dos_batch.vcxproj", "{F55293B6-2556-44A1-B5F7-41D80965B518}"
EndProject
Project("{8BC9CEB8-8B4A-11D0-8D11-00A0C91BC942}") = "operator_gobal_new", "operator_gobal_new\operator_gobal_new.vcxproj", "{080ECCDB-9428-49E1-A898-D552BF35829A}"
EndProject
Project("{8BC9CEB8-8B4A-11D0-8D11-00A0C91BC942}") = "typeid_test", "typeid_test\typeid_test.vcxproj", "{A4643A5A-7EC5-44AA-BC5D-9487D0462999}"
EndProject
Project("{8BC9CEB8-8B4A-11D0-8D11-00A0C91BC942}") = "decorator_designPattern", "decorator_designPattern\decorator_designPattern.vcxproj", "{F2D4D0D3-4312-433F-956D-BC6D554537E9}"
EndProject
Project("{8BC9CEB8-8B4A-11D0-8D11-00A0C91BC942}") = "noexception_test", "noexception_test\noexception_test.vcxproj", "{57AECDAE-C93C-454F-B3F5-DD578310E4B3}"
EndProject
Project("{8BC9CEB8-8B4A-11D0-8D11-00A0C91BC942}") = "std_move_test", "std_move_test\std_move_test.vcxproj", "{AF623D71-446B-444B-93F8-9F4281B2A294}"
EndProject
Global
	GlobalSection(SolutionConfigurationPlatforms) = preSolution
		Debug|x64 = Debug|x64
		Debug|x86 = Debug|x86
		Release|x64 = Release|x64
		Release|x86 = Release|x86
	EndGlobalSection
	GlobalSection(ProjectConfigurationPlatforms) = postSolution
		{75ABEA2E-E816-4870-818D-A8641C7F195E}.Debug|x64.ActiveCfg = Debug|x64
		{75ABEA2E-E816-4870-818D-A8641C7F195E}.Debug|x64.Build.0 = Debug|x64
		{75ABEA2E-E816-4870-818D-A8641C7F195E}.Debug|x86.ActiveCfg = Debug|Win32
		{75ABEA2E-E816-4870-818D-A8641C7F195E}.Debug|x86.Build.0 = Debug|Win32
		{75ABEA2E-E816-4870-818D-A8641C7F195E}.Release|x64.ActiveCfg = Release|x64
		{75ABEA2E-E816-4870-818D-A8641C7F195E}.Release|x64.Build.0 = Release|x64
		{75ABEA2E-E816-4870-818D-A8641C7F195E}.Release|x86.ActiveCfg = Release|Win32
		{75ABEA2E-E816-4870-818D-A8641C7F195E}.Release|x86.Build.0 = Release|Win32
		{DE83420F-D312-4822-BF99-42D9207AEE5C}.Debug|x64.ActiveCfg = Debug|x64
		{DE83420F-D312-4822-BF99-42D9207AEE5C}.Debug|x64.Build.0 = Debug|x64
		{DE83420F-D312-4822-BF99-42D9207AEE5C}.Debug|x86.ActiveCfg = Debug|Win32
		{DE83420F-D312-4822-BF99-42D9207AEE5C}.Debug|x86.Build.0 = Debug|Win32
		{DE83420F-D312-4822-BF99-42D9207AEE5C}.Release|x64.ActiveCfg = Release|x64
		{DE83420F-D312-4822-BF99-42D9207AEE5C}.Release|x64.Build.0 = Release|x64
		{DE83420F-D312-4822-BF99-42D9207AEE5C}.Release|x86.ActiveCfg = Release|Win32
		{DE83420F-D312-4822-BF99-42D9207AEE5C}.Release|x86.Build.0 = Release|Win32
		{42274F98-21E9-40EA-8CEA-D85F9C9F1214}.Debug|x64.ActiveCfg = Debug|x64
		{42274F98-21E9-40EA-8CEA-D85F9C9F1214}.Debug|x64.Build.0 = Debug|x64
		{42274F98-21E9-40EA-8CEA-D85F9C9F1214}.Debug|x86.ActiveCfg = Debug|Win32
		{42274F98-21E9-40EA-8CEA-D85F9C9F1214}.Debug|x86.Build.0 = Debug|Win32
		{42274F98-21E9-40EA-8CEA-D85F9C9F1214}.Release|x64.ActiveCfg = Release|x64
		{42274F98-21E9-40EA-8CEA-D85F9C9F1214}.Release|x64.Build.0 = Release|x64
		{42274F98-21E9-40EA-8CEA-D85F9C9F1214}.Release|x86.ActiveCfg = Release|Win32
		{42274F98-21E9-40EA-8CEA-D85F9C9F1214}.Release|x86.Build.0 = Release|Win32
		{E8223FA1-1D78-48F2-A5C1-F303E4697961}.Debug|x64.ActiveCfg = Debug|x64
		{E8223FA1-1D78-48F2-A5C1-F303E4697961}.Debug|x64.Build.0 = Debug|x64
		{E8223FA1-1D78-48F2-A5C1-F303E4697961}.Debug|x86.ActiveCfg = Debug|Win32
		{E8223FA1-1D78-48F2-A5C1-F303E4697961}.Debug|x86.Build.0 = Debug|Win32
		{E8223FA1-1D78-48F2-A5C1-F303E4697961}.Release|x64.ActiveCfg = Release|x64
		{E8223FA1-1D78-48F2-A5C1-F303E4697961}.Release|x64.Build.0 = Release|x64
		{E8223FA1-1D78-48F2-A5C1-F303E4697961}.Release|x86.ActiveCfg = Release|Win32
		{E8223FA1-1D78-48F2-A5C1-F303E4697961}.Release|x86.Build.0 = Release|Win32
		{1A616047-5C41-4DC0-8390-A94E0FA35B66}.Debug|x64.ActiveCfg = Debug|x64
		{1A616047-5C41-4DC0-8390-A94E0FA35B66}.Debug|x64.Build.0 = Debug|x64
		{1A616047-5C41-4DC0-8390-A94E0FA35B66}.Debug|x86.ActiveCfg = Debug|Win32
		{1A616047-5C41-4DC0-8390-A94E0FA35B66}.Debug|x86.Build.0 = Debug|Win32
		{1A616047-5C41-4DC0-8390-A94E0FA35B66}.Release|x64.ActiveCfg = Release|x64
		{1A616047-5C41-4DC0-8390-A94E0FA35B66}.Release|x64.Build.0 = Release|x64
		{1A616047-5C41-4DC0-8390-A94E0FA35B66}.Release|x86.ActiveCfg = Release|Win32
		{1A616047-5C41-4DC0-8390-A94E0FA35B66}.Release|x86.Build.0 = Release|Win32
		{80E772CA-ED33-4FB8-BF99-E0CAEDD40B13}.Debug|x64.ActiveCfg = Debug|x64
		{80E772CA-ED33-4FB8-BF99-E0CAEDD40B13}.Debug|x64.Build.0 = Debug|x64
		{80E772CA-ED33-4FB8-BF99-E0CAEDD40B13}.Debug|x86.ActiveCfg = Debug|Win32
		{80E772CA-ED33-4FB8-BF99-E0CAEDD40B13}.Debug|x86.Build.0 = Debug|Win32
		{80E772CA-ED33-4FB8-BF99-E0CAEDD40B13}.Release|x64.ActiveCfg = Release|x64
		{80E772CA-ED33-4FB8-BF99-E0CAEDD40B13}.Release|x64.Build.0 = Release|x64
		{80E772CA-ED33-4FB8-BF99-E0CAEDD40B13}.Release|x86.ActiveCfg = Release|Win32
		{80E772CA-ED33-4FB8-BF99-E0CAEDD40B13}.Release|x86.Build.0 = Release|Win32
		{37F4D2CB-E7B3-429D-BE98-BF1EFA3F0BF4}.Debug|x64.ActiveCfg = Debug|x64
		{37F4D2CB-E7B3-429D-BE98-BF1EFA3F0BF4}.Debug|x64.Build.0 = Debug|x64
		{37F4D2CB-E7B3-429D-BE98-BF1EFA3F0BF4}.Debug|x86.ActiveCfg = Debug|Win32
		{37F4D2CB-E7B3-429D-BE98-BF1EFA3F0BF4}.Debug|x86.Build.0 = Debug|Win32
		{37F4D2CB-E7B3-429D-BE98-BF1EFA3F0BF4}.Release|x64.ActiveCfg = Release|x64
		{37F4D2CB-E7B3-429D-BE98-BF1EFA3F0BF4}.Release|x64.Build.0 = Release|x64
		{37F4D2CB-E7B3-429D-BE98-BF1EFA3F0BF4}.Release|x86.ActiveCfg = Release|Win32
		{37F4D2CB-E7B3-429D-BE98-BF1EFA3F0BF4}.Release|x86.Build.0 = Release|Win32
		{45426F70-70D9-4F3D-A581-3F11C1EAB4EF}.Debug|x64.ActiveCfg = Debug|x64
		{45426F70-70D9-4F3D-A581-3F11C1EAB4EF}.Debug|x64.Build.0 = Debug|x64
		{45426F70-70D9-4F3D-A581-3F11C1EAB4EF}.Debug|x86.ActiveCfg = Debug|Win32
		{45426F70-70D9-4F3D-A581-3F11C1EAB4EF}.Debug|x86.Build.0 = Debug|Win32
		{45426F70-70D9-4F3D-A581-3F11C1EAB4EF}.Release|x64.ActiveCfg = Release|x64
		{45426F70-70D9-4F3D-A581-3F11C1EAB4EF}.Release|x64.Build.0 = Release|x64
		{45426F70-70D9-4F3D-A581-3F11C1EAB4EF}.Release|x86.ActiveCfg = Release|Win32
		{45426F70-70D9-4F3D-A581-3F11C1EAB4EF}.Release|x86.Build.0 = Release|Win32
		{692BE366-A345-4EAA-9CBE-3EB492F69547}.Debug|x64.ActiveCfg = Debug|x64
		{692BE366-A345-4EAA-9CBE-3EB492F69547}.Debug|x64.Build.0 = Debug|x64
		{692BE366-A345-4EAA-9CBE-3EB492F69547}.Debug|x86.ActiveCfg = Debug|Win32
		{692BE366-A345-4EAA-9CBE-3EB492F69547}.Debug|x86.Build.0 = Debug|Win32
		{692BE366-A345-4EAA-9CBE-3EB492F69547}.Release|x64.ActiveCfg = Release|x64
		{692BE366-A345-4EAA-9CBE-3EB492F69547}.Release|x64.Build.0 = Release|x64
		{692BE366-A345-4EAA-9CBE-3EB492F69547}.Release|x86.ActiveCfg = Release|Win32
		{692BE366-A345-4EAA-9CBE-3EB492F69547}.Release|x86.Build.0 = Release|Win32
		{DD6634F3-7D62-495F-A712-6E93F23E5F85}.Debug|x64.ActiveCfg = Debug|x64
		{DD6634F3-7D62-495F-A712-6E93F23E5F85}.Debug|x64.Build.0 = Debug|x64
		{DD6634F3-7D62-495F-A712-6E93F23E5F85}.Debug|x86.ActiveCfg = Debug|Win32
		{DD6634F3-7D62-495F-A712-6E93F23E5F85}.Debug|x86.Build.0 = Debug|Win32
		{DD6634F3-7D62-495F-A712-6E93F23E5F85}.Release|x64.ActiveCfg = Release|x64
		{DD6634F3-7D62-495F-A712-6E93F23E5F85}.Release|x64.Build.0 = Release|x64
		{DD6634F3-7D62-495F-A712-6E93F23E5F85}.Release|x86.ActiveCfg = Release|Win32
		{DD6634F3-7D62-495F-A712-6E93F23E5F85}.Release|x86.Build.0 = Release|Win32
		{E8C60C40-22E7-4547-8F98-F38D6E64EC54}.Debug|x64.ActiveCfg = Debug|x64
		{E8C60C40-22E7-4547-8F98-F38D6E64EC54}.Debug|x64.Build.0 = Debug|x64
		{E8C60C40-22E7-4547-8F98-F38D6E64EC54}.Debug|x86.ActiveCfg = Debug|Win32
		{E8C60C40-22E7-4547-8F98-F38D6E64EC54}.Debug|x86.Build.0 = Debug|Win32
		{E8C60C40-22E7-4547-8F98-F38D6E64EC54}.Release|x64.ActiveCfg = Release|x64
		{E8C60C40-22E7-4547-8F98-F38D6E64EC54}.Release|x64.Build.0 = Release|x64
		{E8C60C40-22E7-4547-8F98-F38D6E64EC54}.Release|x86.ActiveCfg = Release|Win32
		{E8C60C40-22E7-4547-8F98-F38D6E64EC54}.Release|x86.Build.0 = Release|Win32
		{116CCD2A-8DA8-40AB-BBA8-A7CD89FD0600}.Debug|x64.ActiveCfg = Debug|x64
		{116CCD2A-8DA8-40AB-BBA8-A7CD89FD0600}.Debug|x64.Build.0 = Debug|x64
		{116CCD2A-8DA8-40AB-BBA8-A7CD89FD0600}.Debug|x86.ActiveCfg = Debug|Win32
		{116CCD2A-8DA8-40AB-BBA8-A7CD89FD0600}.Debug|x86.Build.0 = Debug|Win32
		{116CCD2A-8DA8-40AB-BBA8-A7CD89FD0600}.Release|x64.ActiveCfg = Release|x64
		{116CCD2A-8DA8-40AB-BBA8-A7CD89FD0600}.Release|x64.Build.0 = Release|x64
		{116CCD2A-8DA8-40AB-BBA8-A7CD89FD0600}.Release|x86.ActiveCfg = Release|Win32
		{116CCD2A-8DA8-40AB-BBA8-A7CD89FD0600}.Release|x86.Build.0 = Release|Win32
		{234444A4-8942-4658-97E3-C475032E2CDC}.Debug|x64.ActiveCfg = Debug|x64
		{234444A4-8942-4658-97E3-C475032E2CDC}.Debug|x64.Build.0 = Debug|x64
		{234444A4-8942-4658-97E3-C475032E2CDC}.Debug|x86.ActiveCfg = Debug|Win32
		{234444A4-8942-4658-97E3-C475032E2CDC}.Debug|x86.Build.0 = Debug|Win32
		{234444A4-8942-4658-97E3-C475032E2CDC}.Release|x64.ActiveCfg = Release|x64
		{234444A4-8942-4658-97E3-C475032E2CDC}.Release|x64.Build.0 = Release|x64
		{234444A4-8942-4658-97E3-C475032E2CDC}.Release|x86.ActiveCfg = Release|Win32
		{234444A4-8942-4658-97E3-C475032E2CDC}.Release|x86.Build.0 = Release|Win32
		{86F8415A-4E35-417F-8A5E-C937E9E253D0}.Debug|x64.ActiveCfg = Debug|x64
		{86F8415A-4E35-417F-8A5E-C937E9E253D0}.Debug|x64.Build.0 = Debug|x64
		{86F8415A-4E35-417F-8A5E-C937E9E253D0}.Debug|x86.ActiveCfg = Debug|Win32
		{86F8415A-4E35-417F-8A5E-C937E9E253D0}.Debug|x86.Build.0 = Debug|Win32
		{86F8415A-4E35-417F-8A5E-C937E9E253D0}.Release|x64.ActiveCfg = Release|x64
		{86F8415A-4E35-417F-8A5E-C937E9E253D0}.Release|x64.Build.0 = Release|x64
		{86F8415A-4E35-417F-8A5E-C937E9E253D0}.Release|x86.ActiveCfg = Release|Win32
		{86F8415A-4E35-417F-8A5E-C937E9E253D0}.Release|x86.Build.0 = Release|Win32
		{F81BB9EA-5385-4B4A-94E2-7F5D1B056270}.Debug|x64.ActiveCfg = Debug|x64
		{F81BB9EA-5385-4B4A-94E2-7F5D1B056270}.Debug|x64.Build.0 = Debug|x64
		{F81BB9EA-5385-4B4A-94E2-7F5D1B056270}.Debug|x86.ActiveCfg = Debug|Win32
		{F81BB9EA-5385-4B4A-94E2-7F5D1B056270}.Debug|x86.Build.0 = Debug|Win32
		{F81BB9EA-5385-4B4A-94E2-7F5D1B056270}.Release|x64.ActiveCfg = Release|x64
		{F81BB9EA-5385-4B4A-94E2-7F5D1B056270}.Release|x64.Build.0 = Release|x64
		{F81BB9EA-5385-4B4A-94E2-7F5D1B056270}.Release|x86.ActiveCfg = Release|Win32
		{F81BB9EA-5385-4B4A-94E2-7F5D1B056270}.Release|x86.Build.0 = Release|Win32
		{C61FB28B-A596-4604-92C8-58C145D4ED60}.Debug|x64.ActiveCfg = Debug|x64
		{C61FB28B-A596-4604-92C8-58C145D4ED60}.Debug|x64.Build.0 = Debug|x64
		{C61FB28B-A596-4604-92C8-58C145D4ED60}.Debug|x86.ActiveCfg = Debug|Win32
		{C61FB28B-A596-4604-92C8-58C145D4ED60}.Debug|x86.Build.0 = Debug|Win32
		{C61FB28B-A596-4604-92C8-58C145D4ED60}.Release|x64.ActiveCfg = Release|x64
		{C61FB28B-A596-4604-92C8-58C145D4ED60}.Release|x64.Build.0 = Release|x64
		{C61FB28B-A596-4604-92C8-58C145D4ED60}.Release|x86.ActiveCfg = Release|Win32
		{C61FB28B-A596-4604-92C8-58C145D4ED60}.Release|x86.Build.0 = Release|Win32
		{592A3619-3F18-4546-916F-8DBEECCAD2D9}.Debug|x64.ActiveCfg = Debug|x64
		{592A3619-3F18-4546-916F-8DBEECCAD2D9}.Debug|x64.Build.0 = Debug|x64
		{592A3619-3F18-4546-916F-8DBEECCAD2D9}.Debug|x86.ActiveCfg = Debug|Win32
		{592A3619-3F18-4546-916F-8DBEECCAD2D9}.Debug|x86.Build.0 = Debug|Win32
		{592A3619-3F18-4546-916F-8DBEECCAD2D9}.Release|x64.ActiveCfg = Release|x64
		{592A3619-3F18-4546-916F-8DBEECCAD2D9}.Release|x64.Build.0 = Release|x64
		{592A3619-3F18-4546-916F-8DBEECCAD2D9}.Release|x86.ActiveCfg = Release|Win32
		{592A3619-3F18-4546-916F-8DBEECCAD2D9}.Release|x86.Build.0 = Release|Win32
		{5A027351-481C-4EBB-AA4C-371EF28D9C7E}.Debug|x64.ActiveCfg = Debug|x64
		{5A027351-481C-4EBB-AA4C-371EF28D9C7E}.Debug|x64.Build.0 = Debug|x64
		{5A027351-481C-4EBB-AA4C-371EF28D9C7E}.Debug|x86.ActiveCfg = Debug|Win32
		{5A027351-481C-4EBB-AA4C-371EF28D9C7E}.Debug|x86.Build.0 = Debug|Win32
		{5A027351-481C-4EBB-AA4C-371EF28D9C7E}.Release|x64.ActiveCfg = Release|x64
		{5A027351-481C-4EBB-AA4C-371EF28D9C7E}.Release|x64.Build.0 = Release|x64
		{5A027351-481C-4EBB-AA4C-371EF28D9C7E}.Release|x86.ActiveCfg = Release|Win32
		{5A027351-481C-4EBB-AA4C-371EF28D9C7E}.Release|x86.Build.0 = Release|Win32
		{F55293B6-2556-44A1-B5F7-41D80965B518}.Debug|x64.ActiveCfg = Debug|x64
		{F55293B6-2556-44A1-B5F7-41D80965B518}.Debug|x64.Build.0 = Debug|x64
		{F55293B6-2556-44A1-B5F7-41D80965B518}.Debug|x86.ActiveCfg = Debug|Win32
		{F55293B6-2556-44A1-B5F7-41D80965B518}.Debug|x86.Build.0 = Debug|Win32
		{F55293B6-2556-44A1-B5F7-41D80965B518}.Release|x64.ActiveCfg = Release|x64
		{F55293B6-2556-44A1-B5F7-41D80965B518}.Release|x64.Build.0 = Release|x64
		{F55293B6-2556-44A1-B5F7-41D80965B518}.Release|x86.ActiveCfg = Release|Win32
		{F55293B6-2556-44A1-B5F7-41D80965B518}.Release|x86.Build.0 = Release|Win32
		{080ECCDB-9428-49E1-A898-D552BF35829A}.Debug|x64.ActiveCfg = Debug|x64
		{080ECCDB-9428-49E1-A898-D552BF35829A}.Debug|x64.Build.0 = Debug|x64
		{080ECCDB-9428-49E1-A898-D552BF35829A}.Debug|x86.ActiveCfg = Debug|Win32
		{080ECCDB-9428-49E1-A898-D552BF35829A}.Debug|x86.Build.0 = Debug|Win32
		{080ECCDB-9428-49E1-A898-D552BF35829A}.Release|x64.ActiveCfg = Release|x64
		{080ECCDB-9428-49E1-A898-D552BF35829A}.Release|x64.Build.0 = Release|x64
		{080ECCDB-9428-49E1-A898-D552BF35829A}.Release|x86.ActiveCfg = Release|Win32
		{080ECCDB-9428-49E1-A898-D552BF35829A}.Release|x86.Build.0 = Release|Win32
		{A4643A5A-7EC5-44AA-BC5D-9487D0462999}.Debug|x64.ActiveCfg = Debug|x64
		{A4643A5A-7EC5-44AA-BC5D-9487D0462999}.Debug|x64.Build.0 = Debug|x64
		{A4643A5A-7EC5-44AA-BC5D-9487D0462999}.Debug|x86.ActiveCfg = Debug|Win32
		{A4643A5A-7EC5-44AA-BC5D-9487D0462999}.Debug|x86.Build.0 = Debug|Win32
		{A4643A5A-7EC5-44AA-BC5D-9487D0462999}.Release|x64.ActiveCfg = Release|x64
		{A4643A5A-7EC5-44AA-BC5D-9487D0462999}.Release|x64.Build.0 = Release|x64
		{A4643A5A-7EC5-44AA-BC5D-9487D0462999}.Release|x86.ActiveCfg = Release|Win32
		{A4643A5A-7EC5-44AA-BC5D-9487D0462999}.Release|x86.Build.0 = Release|Win32
		{F2D4D0D3-4312-433F-956D-BC6D554537E9}.Debug|x64.ActiveCfg = Debug|x64
		{F2D4D0D3-4312-433F-956D-BC6D554537E9}.Debug|x64.Build.0 = Debug|x64
		{F2D4D0D3-4312-433F-956D-BC6D554537E9}.Debug|x86.ActiveCfg = Debug|Win32
		{F2D4D0D3-4312-433F-956D-BC6D554537E9}.Debug|x86.Build.0 = Debug|Win32
		{F2D4D0D3-4312-433F-956D-BC6D554537E9}.Release|x64.ActiveCfg = Release|x64
		{F2D4D0D3-4312-433F-956D-BC6D554537E9}.Release|x64.Build.0 = Release|x64
		{F2D4D0D3-4312-433F-956D-BC6D554537E9}.Release|x86.ActiveCfg = Release|Win32
		{F2D4D0D3-4312-433F-956D-BC6D554537E9}.Release|x86.Build.0 = Release|Win32
		{57AECDAE-C93C-454F-B3F5-DD578310E4B3}.Debug|x64.ActiveCfg = Debug|x64
		{57AECDAE-C93C-454F-B3F5-DD578310E4B3}.Debug|x64.Build.0 = Debug|x64
		{57AECDAE-C93C-454F-B3F5-DD578310E4B3}.Debug|x86.ActiveCfg = Debug|Win32
		{57AECDAE-C93C-454F-B3F5-DD578310E4B3}.Debug|x86.Build.0 = Debug|Win32
		{57AECDAE-C93C-454F-B3F5-DD578310E4B3}.Release|x64.ActiveCfg = Release|x64
		{57AECDAE-C93C-454F-B3F5-DD578310E4B3}.Release|x64.Build.0 = Release|x64
		{57AECDAE-C93C-454F-B3F5-DD578310E4B3}.Release|x86.ActiveCfg = Release|Win32
		{57AECDAE-C93C-454F-B3F5-DD578310E4B3}.Release|x86.Build.0 = Release|Win32
		{AF623D71-446B-444B-93F8-9F4281B2A294}.Debug|x64.ActiveCfg = Debug|x64
		{AF623D71-446B-444B-93F8-9F4281B2A294}.Debug|x64.Build.0 = Debug|x64
		{AF623D71-446B-444B-93F8-9F4281B2A294}.Debug|x86.ActiveCfg = Debug|Win32
		{AF623D71-446B-444B-93F8-9F4281B2A294}.Debug|x86.Build.0 = Debug|Win32
		{AF623D71-446B-444B-93F8-9F4281B2A294}.Release|x64.ActiveCfg = Release|x64
		{AF623D71-446B-444B-93F8-9F4281B2A294}.Release|x64.Build.0 = Release|x64
		{AF623D71-446B-444B-93F8-9F4281B2A294}.Release|x86.ActiveCfg = Release|Win32
		{AF623D71-446B-444B-93F8-9F4281B2A294}.Release|x86.Build.0 = Release|Win32
	EndGlobalSection
	GlobalSection(SolutionProperties) = preSolution
		HideSolutionNode = FALSE
	EndGlobalSection
EndGlobal
