
Microsoft Visual Studio Solution File, Format Version 12.00
# Visual Studio 14
VisualStudioVersion = 14.0.25420.1
MinimumVisualStudioVersion = 10.0.40219.1
Project("{8BC9CEB8-8B4A-11D0-8D11-00A0C91BC942}") = "thread_test", "thread_test\thread_test.vcxproj", "{F9534724-418E-4103-BD1F-7F50EED5A889}"
EndProject
Project("{8BC9CEB8-8B4A-11D0-8D11-00A0C91BC942}") = "mutex_test", "mutex_test\mutex_test.vcxproj", "{3D8258BD-EE17-4E43-A7AF-41C6FF2F96E0}"
EndProject
Project("{8BC9CEB8-8B4A-11D0-8D11-00A0C91BC942}") = "lock_test", "lock_test\lock_test.vcxproj", "{F83FD83A-A5AD-46DD-A1A8-2E70AA3FC77E}"
EndProject
Project("{8BC9CEB8-8B4A-11D0-8D11-00A0C91BC942}") = "define_test", "define_test\define_test.vcxproj", "{FA14581F-A845-488F-946C-F18A78435DC7}"
EndProject
Project("{8BC9CEB8-8B4A-11D0-8D11-00A0C91BC942}") = "vector_erase_index", "vector_erase_index\vector_erase_index.vcxproj", "{B949E972-5AFC-42EB-9E5C-77223EF91A84}"
EndProject
Project("{8BC9CEB8-8B4A-11D0-8D11-00A0C91BC942}") = "const_class_with_pointer", "const_class_with_pointer\const_class_with_pointer.vcxproj", "{C0C299E1-6079-4630-A4DA-5017E0F0F616}"
EndProject
Project("{8BC9CEB8-8B4A-11D0-8D11-00A0C91BC942}") = "return_member", "return_member\return_member.vcxproj", "{73C5A701-C01B-403D-9832-74148C15BFBB}"
EndProject
Project("{8BC9CEB8-8B4A-11D0-8D11-00A0C91BC942}") = "bind_test", "bind_test\bind_test.vcxproj", "{4668A9B8-75D7-47B0-9915-85BD02E8FC29}"
EndProject
Global
	GlobalSection(SolutionConfigurationPlatforms) = preSolution
		Debug|x64 = Debug|x64
		Debug|x86 = Debug|x86
		Release|x64 = Release|x64
		Release|x86 = Release|x86
	EndGlobalSection
	GlobalSection(ProjectConfigurationPlatforms) = postSolution
		{F9534724-418E-4103-BD1F-7F50EED5A889}.Debug|x64.ActiveCfg = Debug|x64
		{F9534724-418E-4103-BD1F-7F50EED5A889}.Debug|x64.Build.0 = Debug|x64
		{F9534724-418E-4103-BD1F-7F50EED5A889}.Debug|x86.ActiveCfg = Debug|Win32
		{F9534724-418E-4103-BD1F-7F50EED5A889}.Debug|x86.Build.0 = Debug|Win32
		{F9534724-418E-4103-BD1F-7F50EED5A889}.Release|x64.ActiveCfg = Release|x64
		{F9534724-418E-4103-BD1F-7F50EED5A889}.Release|x64.Build.0 = Release|x64
		{F9534724-418E-4103-BD1F-7F50EED5A889}.Release|x86.ActiveCfg = Release|Win32
		{F9534724-418E-4103-BD1F-7F50EED5A889}.Release|x86.Build.0 = Release|Win32
		{3D8258BD-EE17-4E43-A7AF-41C6FF2F96E0}.Debug|x64.ActiveCfg = Debug|x64
		{3D8258BD-EE17-4E43-A7AF-41C6FF2F96E0}.Debug|x64.Build.0 = Debug|x64
		{3D8258BD-EE17-4E43-A7AF-41C6FF2F96E0}.Debug|x86.ActiveCfg = Debug|Win32
		{3D8258BD-EE17-4E43-A7AF-41C6FF2F96E0}.Debug|x86.Build.0 = Debug|Win32
		{3D8258BD-EE17-4E43-A7AF-41C6FF2F96E0}.Release|x64.ActiveCfg = Release|x64
		{3D8258BD-EE17-4E43-A7AF-41C6FF2F96E0}.Release|x64.Build.0 = Release|x64
		{3D8258BD-EE17-4E43-A7AF-41C6FF2F96E0}.Release|x86.ActiveCfg = Release|Win32
		{3D8258BD-EE17-4E43-A7AF-41C6FF2F96E0}.Release|x86.Build.0 = Release|Win32
		{F83FD83A-A5AD-46DD-A1A8-2E70AA3FC77E}.Debug|x64.ActiveCfg = Debug|x64
		{F83FD83A-A5AD-46DD-A1A8-2E70AA3FC77E}.Debug|x64.Build.0 = Debug|x64
		{F83FD83A-A5AD-46DD-A1A8-2E70AA3FC77E}.Debug|x86.ActiveCfg = Debug|Win32
		{F83FD83A-A5AD-46DD-A1A8-2E70AA3FC77E}.Debug|x86.Build.0 = Debug|Win32
		{F83FD83A-A5AD-46DD-A1A8-2E70AA3FC77E}.Release|x64.ActiveCfg = Release|x64
		{F83FD83A-A5AD-46DD-A1A8-2E70AA3FC77E}.Release|x64.Build.0 = Release|x64
		{F83FD83A-A5AD-46DD-A1A8-2E70AA3FC77E}.Release|x86.ActiveCfg = Release|Win32
		{F83FD83A-A5AD-46DD-A1A8-2E70AA3FC77E}.Release|x86.Build.0 = Release|Win32
		{FA14581F-A845-488F-946C-F18A78435DC7}.Debug|x64.ActiveCfg = Debug|x64
		{FA14581F-A845-488F-946C-F18A78435DC7}.Debug|x64.Build.0 = Debug|x64
		{FA14581F-A845-488F-946C-F18A78435DC7}.Debug|x86.ActiveCfg = Debug|Win32
		{FA14581F-A845-488F-946C-F18A78435DC7}.Debug|x86.Build.0 = Debug|Win32
		{FA14581F-A845-488F-946C-F18A78435DC7}.Debug|x86.Deploy.0 = Debug|Win32
		{FA14581F-A845-488F-946C-F18A78435DC7}.Release|x64.ActiveCfg = Release|x64
		{FA14581F-A845-488F-946C-F18A78435DC7}.Release|x64.Build.0 = Release|x64
		{FA14581F-A845-488F-946C-F18A78435DC7}.Release|x86.ActiveCfg = Release|Win32
		{FA14581F-A845-488F-946C-F18A78435DC7}.Release|x86.Build.0 = Release|Win32
		{B949E972-5AFC-42EB-9E5C-77223EF91A84}.Debug|x64.ActiveCfg = Debug|x64
		{B949E972-5AFC-42EB-9E5C-77223EF91A84}.Debug|x64.Build.0 = Debug|x64
		{B949E972-5AFC-42EB-9E5C-77223EF91A84}.Debug|x86.ActiveCfg = Debug|Win32
		{B949E972-5AFC-42EB-9E5C-77223EF91A84}.Debug|x86.Build.0 = Debug|Win32
		{B949E972-5AFC-42EB-9E5C-77223EF91A84}.Release|x64.ActiveCfg = Release|x64
		{B949E972-5AFC-42EB-9E5C-77223EF91A84}.Release|x64.Build.0 = Release|x64
		{B949E972-5AFC-42EB-9E5C-77223EF91A84}.Release|x86.ActiveCfg = Release|Win32
		{B949E972-5AFC-42EB-9E5C-77223EF91A84}.Release|x86.Build.0 = Release|Win32
		{C0C299E1-6079-4630-A4DA-5017E0F0F616}.Debug|x64.ActiveCfg = Debug|x64
		{C0C299E1-6079-4630-A4DA-5017E0F0F616}.Debug|x64.Build.0 = Debug|x64
		{C0C299E1-6079-4630-A4DA-5017E0F0F616}.Debug|x86.ActiveCfg = Debug|Win32
		{C0C299E1-6079-4630-A4DA-5017E0F0F616}.Debug|x86.Build.0 = Debug|Win32
		{C0C299E1-6079-4630-A4DA-5017E0F0F616}.Debug|x86.Deploy.0 = Debug|Win32
		{C0C299E1-6079-4630-A4DA-5017E0F0F616}.Release|x64.ActiveCfg = Release|x64
		{C0C299E1-6079-4630-A4DA-5017E0F0F616}.Release|x64.Build.0 = Release|x64
		{C0C299E1-6079-4630-A4DA-5017E0F0F616}.Release|x86.ActiveCfg = Release|Win32
		{C0C299E1-6079-4630-A4DA-5017E0F0F616}.Release|x86.Build.0 = Release|Win32
		{73C5A701-C01B-403D-9832-74148C15BFBB}.Debug|x64.ActiveCfg = Debug|x64
		{73C5A701-C01B-403D-9832-74148C15BFBB}.Debug|x64.Build.0 = Debug|x64
		{73C5A701-C01B-403D-9832-74148C15BFBB}.Debug|x86.ActiveCfg = Debug|Win32
		{73C5A701-C01B-403D-9832-74148C15BFBB}.Debug|x86.Build.0 = Debug|Win32
		{73C5A701-C01B-403D-9832-74148C15BFBB}.Release|x64.ActiveCfg = Release|x64
		{73C5A701-C01B-403D-9832-74148C15BFBB}.Release|x64.Build.0 = Release|x64
		{73C5A701-C01B-403D-9832-74148C15BFBB}.Release|x86.ActiveCfg = Release|Win32
		{73C5A701-C01B-403D-9832-74148C15BFBB}.Release|x86.Build.0 = Release|Win32
		{4668A9B8-75D7-47B0-9915-85BD02E8FC29}.Debug|x64.ActiveCfg = Debug|x64
		{4668A9B8-75D7-47B0-9915-85BD02E8FC29}.Debug|x64.Build.0 = Debug|x64
		{4668A9B8-75D7-47B0-9915-85BD02E8FC29}.Debug|x86.ActiveCfg = Debug|Win32
		{4668A9B8-75D7-47B0-9915-85BD02E8FC29}.Debug|x86.Build.0 = Debug|Win32
		{4668A9B8-75D7-47B0-9915-85BD02E8FC29}.Release|x64.ActiveCfg = Release|x64
		{4668A9B8-75D7-47B0-9915-85BD02E8FC29}.Release|x64.Build.0 = Release|x64
		{4668A9B8-75D7-47B0-9915-85BD02E8FC29}.Release|x86.ActiveCfg = Release|Win32
		{4668A9B8-75D7-47B0-9915-85BD02E8FC29}.Release|x86.Build.0 = Release|Win32
	EndGlobalSection
	GlobalSection(SolutionProperties) = preSolution
		HideSolutionNode = FALSE
	EndGlobalSection
EndGlobal
