<?xml version="1.0" encoding="utf-8"?>
<Project ToolsVersion="4.0" xmlns="http://schemas.microsoft.com/developer/msbuild/2003">
  <ItemGroup>
    <Filter Include="源文件">
      <UniqueIdentifier>{4FC737F1-C7A5-4376-A066-2A32D752A2FF}</UniqueIdentifier>
      <Extensions>cpp;c;cc;cxx;def;odl;idl;hpj;bat;asm;asmx</Extensions>
    </Filter>
    <Filter Include="头文件">
      <UniqueIdentifier>{93995380-89BD-4b04-88EB-625FBE52EBFB}</UniqueIdentifier>
      <Extensions>h;hh;hpp;hxx;hm;inl;inc;xsd</Extensions>
    </Filter>
    <Filter Include="资源文件">
      <UniqueIdentifier>{67DA6AB6-F800-4c08-8B7A-83BB121AAD01}</UniqueIdentifier>
      <Extensions>rc;ico;cur;bmp;dlg;rc2;rct;bin;rgs;gif;jpg;jpeg;jpe;resx;tiff;tif;png;wav;mfcribbon-ms</Extensions>
    </Filter>
    <Filter Include="头文件\factory">
      <UniqueIdentifier>{643c6ed8-d74c-42f5-a9ff-b18ebbd5c1fb}</UniqueIdentifier>
    </Filter>
    <Filter Include="头文件\operation">
      <UniqueIdentifier>{d9e1c42e-7fab-4bbb-b353-ab0867f2dc0f}</UniqueIdentifier>
    </Filter>
  </ItemGroup>
  <ItemGroup>
    <ClInclude Include="zoom_operation_factory.h">
      <Filter>头文件\factory</Filter>
    </ClInclude>
    <ClInclude Include="factory.h">
      <Filter>头文件\factory</Filter>
    </ClInclude>
    <ClInclude Include="pan_operation_factory.h">
      <Filter>头文件\factory</Filter>
    </ClInclude>
    <ClInclude Include="operation_zoom.h">
      <Filter>头文件\operation</Filter>
    </ClInclude>
    <ClInclude Include="operation.h">
      <Filter>头文件\operation</Filter>
    </ClInclude>
    <ClInclude Include="operation_pan.h">
      <Filter>头文件\operation</Filter>
    </ClInclude>
  </ItemGroup>
  <ItemGroup>
    <ClCompile Include="源.cpp">
      <Filter>源文件</Filter>
    </ClCompile>
  </ItemGroup>
</Project>